{
  "nodes": {
    "flake-utils": {
      "locked": {
        "lastModified": 1610051610,
        "narHash": "sha256-U9rPz/usA1/Aohhk7Cmc2gBrEEKRzcW4nwPWMPwja4Y=",
        "owner": "numtide",
        "repo": "flake-utils",
        "rev": "3982c9903e93927c2164caa727cd3f6a0e6d14cc",
        "type": "github"
      },
      "original": {
        "owner": "numtide",
        "repo": "flake-utils",
        "type": "github"
      }
    },
    "flake-utils_2": {
      "locked": {
        "lastModified": 1610051610,
        "narHash": "sha256-U9rPz/usA1/Aohhk7Cmc2gBrEEKRzcW4nwPWMPwja4Y=",
        "owner": "numtide",
        "repo": "flake-utils",
        "rev": "3982c9903e93927c2164caa727cd3f6a0e6d14cc",
        "type": "github"
      },
      "original": {
        "owner": "numtide",
        "repo": "flake-utils",
        "type": "github"
      }
    },
    "nixpkgs": {
      "locked": {
        "lastModified": 1610819105,
        "narHash": "sha256-OVuLkMkISP/KXqHCwJZqtNsSKqLGQyMWHSnEJGppceQ=",
        "owner": "NixOS",
        "repo": "nixpkgs",
        "rev": "a71a2f2d251205a3566e9910a42a5178f3f7bd33",
        "type": "github"
      },
      "original": {
        "owner": "NixOS",
        "ref": "nixpkgs-unstable",
        "repo": "nixpkgs",
        "type": "github"
      }
    },
    "nixpkgs_2": {
      "locked": {
        "lastModified": 1611195715,
        "narHash": "sha256-ZE6MjNMrWpDbDwAe8seaN0f8J+QerZqdDaeb08PeCfo=",
        "owner": "NixOS",
        "repo": "nixpkgs",
        "rev": "9db4f2641dd65a6a348a907580f2c77ae2ca9324",
        "type": "github"
      },
      "original": {
        "owner": "NixOS",
        "ref": "release-20.09",
        "repo": "nixpkgs",
        "type": "github"
      }
    },
    "root": {
      "inputs": {
        "flake-utils": "flake-utils",
        "nixpkgs": "nixpkgs",
        "syndicate-rss": "syndicate-rss"
      }
    },
    "syndicate-rss": {
      "inputs": {
        "flake-utils": "flake-utils_2",
        "nixpkgs": "nixpkgs_2"
      },
      "locked": {
        "lastModified": 1612161999,
        "narHash": "sha256-MD9T6N8FxPTe3nOJjszha3kKCkktbP0CPMEIamsBnXE=",
        "owner": "marcopolo",
        "repo": "syndicate-rss",
        "rev": "5c7848f6c51f6092fb4106574f92c170280aa531",
        "type": "github"
      },
      "original": {
        "owner": "marcopolo",
        "repo": "syndicate-rss",
        "type": "github"
      }
    }
  },
  "root": "root",
  "version": 7
}
